
Microsoft Visual Studio Solution File, Format Version 12.00
# Visual Studio 2012
VisualStudioVersion = 14.0.24720.0
MinimumVisualStudioVersion = 10.0.40219.1
Project("{FAE04EC0-301F-11D3-BF4B-00C04F79EFBC}") = "FormsToolkit", "FormsToolkit\FormsToolkit\FormsToolkit.csproj", "{14C534B6-1984-41A9-A384-D3A5508588E3}"
EndProject
Project("{FAE04EC0-301F-11D3-BF4B-00C04F79EFBC}") = "FormsToolkit.iOS", "FormsToolkit\FormsToolkit.iOS\FormsToolkit.iOS.csproj", "{D525F236-6A2D-4010-B1CC-4A4B8581C90B}"
EndProject
Project("{FAE04EC0-301F-11D3-BF4B-00C04F79EFBC}") = "FormsToolkit.Android", "FormsToolkit\FormsToolkit.Android\FormsToolkit.Android.csproj", "{AD2D2DB4-E781-4CF1-9B62-3AAD264F196D}"
EndProject
Project("{2150E333-8FDC-42A3-9474-1A3956D46DE8}") = "Solution Items", "Solution Items", "{4E2CE6E7-1F20-4830-80DB-D4BED73299D1}"
	ProjectSection(SolutionItems) = preProject
		FormsToolkit.nuspec = FormsToolkit.nuspec
		readme.txt = readme.txt
	EndProjectSection
EndProject
Project("{D954291E-2A0B-460D-934E-DC6B0785DB48}") = "FormsToolkit.Shared", "FormsToolkit\FormsToolkit.Shared\FormsToolkit.Shared.shproj", "{ECF9CD40-8AE5-41B0-B347-C126B5DED2AB}"
EndProject
Project("{2150E333-8FDC-42A3-9474-1A3956D46DE8}") = "Tests", "Tests", "{4E69D0F7-7500-4075-B601-A9B6357767D1}"
EndProject
Project("{FAE04EC0-301F-11D3-BF4B-00C04F79EFBC}") = "ToolkitTests", "ToolkitTests\ToolkitTests\ToolkitTests.csproj", "{2C327C0B-C5EE-48FC-B6BD-16E2547C5659}"
EndProject
Project("{FAE04EC0-301F-11D3-BF4B-00C04F79EFBC}") = "ToolkitTests.iOS", "ToolkitTests\iOS\ToolkitTests.iOS.csproj", "{1EF793C8-FCFE-4F2A-8AC0-37181FB9A9B9}"
EndProject
Project("{FAE04EC0-301F-11D3-BF4B-00C04F79EFBC}") = "ToolkitTests.Droid", "ToolkitTests\Droid\ToolkitTests.Droid.csproj", "{48DA1E46-E1C1-445D-95DC-04DE4D3044A4}"
EndProject
Global
	GlobalSection(SolutionConfigurationPlatforms) = preSolution
		Debug|Any CPU = Debug|Any CPU
		Debug|ARM = Debug|ARM
		Debug|x86 = Debug|x86
		Release|Any CPU = Release|Any CPU
		Release|ARM = Release|ARM
		Release|x86 = Release|x86
		Debug|iPhoneSimulator = Debug|iPhoneSimulator
		Release|iPhone = Release|iPhone
		Release|iPhoneSimulator = Release|iPhoneSimulator
		Debug|iPhone = Debug|iPhone
	EndGlobalSection
	GlobalSection(ProjectConfigurationPlatforms) = postSolution
		{14C534B6-1984-41A9-A384-D3A5508588E3}.Debug|Any CPU.ActiveCfg = Debug|Any CPU
		{14C534B6-1984-41A9-A384-D3A5508588E3}.Debug|Any CPU.Build.0 = Debug|Any CPU
		{14C534B6-1984-41A9-A384-D3A5508588E3}.Debug|ARM.ActiveCfg = Debug|Any CPU
		{14C534B6-1984-41A9-A384-D3A5508588E3}.Debug|ARM.Build.0 = Debug|Any CPU
		{14C534B6-1984-41A9-A384-D3A5508588E3}.Debug|iPhone.ActiveCfg = Debug|Any CPU
		{14C534B6-1984-41A9-A384-D3A5508588E3}.Debug|iPhone.Build.0 = Debug|Any CPU
		{14C534B6-1984-41A9-A384-D3A5508588E3}.Debug|iPhoneSimulator.ActiveCfg = Debug|Any CPU
		{14C534B6-1984-41A9-A384-D3A5508588E3}.Debug|iPhoneSimulator.Build.0 = Debug|Any CPU
		{14C534B6-1984-41A9-A384-D3A5508588E3}.Debug|x86.ActiveCfg = Debug|Any CPU
		{14C534B6-1984-41A9-A384-D3A5508588E3}.Debug|x86.Build.0 = Debug|Any CPU
		{14C534B6-1984-41A9-A384-D3A5508588E3}.Release|Any CPU.ActiveCfg = Release|Any CPU
		{14C534B6-1984-41A9-A384-D3A5508588E3}.Release|Any CPU.Build.0 = Release|Any CPU
		{14C534B6-1984-41A9-A384-D3A5508588E3}.Release|ARM.ActiveCfg = Release|Any CPU
		{14C534B6-1984-41A9-A384-D3A5508588E3}.Release|ARM.Build.0 = Release|Any CPU
		{14C534B6-1984-41A9-A384-D3A5508588E3}.Release|iPhone.ActiveCfg = Release|Any CPU
		{14C534B6-1984-41A9-A384-D3A5508588E3}.Release|iPhone.Build.0 = Release|Any CPU
		{14C534B6-1984-41A9-A384-D3A5508588E3}.Release|iPhoneSimulator.ActiveCfg = Release|Any CPU
		{14C534B6-1984-41A9-A384-D3A5508588E3}.Release|iPhoneSimulator.Build.0 = Release|Any CPU
		{14C534B6-1984-41A9-A384-D3A5508588E3}.Release|x86.ActiveCfg = Release|Any CPU
		{14C534B6-1984-41A9-A384-D3A5508588E3}.Release|x86.Build.0 = Release|Any CPU
		{1EF793C8-FCFE-4F2A-8AC0-37181FB9A9B9}.Debug|Any CPU.ActiveCfg = Debug|iPhoneSimulator
		{1EF793C8-FCFE-4F2A-8AC0-37181FB9A9B9}.Debug|Any CPU.Build.0 = Debug|iPhoneSimulator
		{1EF793C8-FCFE-4F2A-8AC0-37181FB9A9B9}.Debug|ARM.ActiveCfg = Debug|iPhoneSimulator
		{1EF793C8-FCFE-4F2A-8AC0-37181FB9A9B9}.Debug|ARM.Build.0 = Debug|iPhoneSimulator
		{1EF793C8-FCFE-4F2A-8AC0-37181FB9A9B9}.Debug|iPhone.ActiveCfg = Debug|iPhone
		{1EF793C8-FCFE-4F2A-8AC0-37181FB9A9B9}.Debug|iPhone.Build.0 = Debug|iPhone
		{1EF793C8-FCFE-4F2A-8AC0-37181FB9A9B9}.Debug|iPhoneSimulator.ActiveCfg = Debug|iPhoneSimulator
		{1EF793C8-FCFE-4F2A-8AC0-37181FB9A9B9}.Debug|iPhoneSimulator.Build.0 = Debug|iPhoneSimulator
		{1EF793C8-FCFE-4F2A-8AC0-37181FB9A9B9}.Debug|x86.ActiveCfg = Debug|iPhoneSimulator
		{1EF793C8-FCFE-4F2A-8AC0-37181FB9A9B9}.Debug|x86.Build.0 = Debug|iPhoneSimulator
		{1EF793C8-FCFE-4F2A-8AC0-37181FB9A9B9}.Release|Any CPU.ActiveCfg = Release|iPhone
		{1EF793C8-FCFE-4F2A-8AC0-37181FB9A9B9}.Release|Any CPU.Build.0 = Release|iPhone
		{1EF793C8-FCFE-4F2A-8AC0-37181FB9A9B9}.Release|ARM.ActiveCfg = Release|iPhone
		{1EF793C8-FCFE-4F2A-8AC0-37181FB9A9B9}.Release|ARM.Build.0 = Release|iPhone
		{1EF793C8-FCFE-4F2A-8AC0-37181FB9A9B9}.Release|iPhone.ActiveCfg = Release|iPhone
		{1EF793C8-FCFE-4F2A-8AC0-37181FB9A9B9}.Release|iPhone.Build.0 = Release|iPhone
		{1EF793C8-FCFE-4F2A-8AC0-37181FB9A9B9}.Release|iPhoneSimulator.ActiveCfg = Release|iPhoneSimulator
		{1EF793C8-FCFE-4F2A-8AC0-37181FB9A9B9}.Release|iPhoneSimulator.Build.0 = Release|iPhoneSimulator
		{1EF793C8-FCFE-4F2A-8AC0-37181FB9A9B9}.Release|x86.ActiveCfg = Release|iPhone
		{1EF793C8-FCFE-4F2A-8AC0-37181FB9A9B9}.Release|x86.Build.0 = Release|iPhone
		{2C327C0B-C5EE-48FC-B6BD-16E2547C5659}.Debug|Any CPU.ActiveCfg = Debug|Any CPU
		{2C327C0B-C5EE-48FC-B6BD-16E2547C5659}.Debug|Any CPU.Build.0 = Debug|Any CPU
		{2C327C0B-C5EE-48FC-B6BD-16E2547C5659}.Debug|ARM.ActiveCfg = Debug|Any CPU
		{2C327C0B-C5EE-48FC-B6BD-16E2547C5659}.Debug|ARM.Build.0 = Debug|Any CPU
		{2C327C0B-C5EE-48FC-B6BD-16E2547C5659}.Debug|iPhone.ActiveCfg = Debug|Any CPU
		{2C327C0B-C5EE-48FC-B6BD-16E2547C5659}.Debug|iPhone.Build.0 = Debug|Any CPU
		{2C327C0B-C5EE-48FC-B6BD-16E2547C5659}.Debug|iPhoneSimulator.ActiveCfg = Debug|Any CPU
		{2C327C0B-C5EE-48FC-B6BD-16E2547C5659}.Debug|iPhoneSimulator.Build.0 = Debug|Any CPU
		{2C327C0B-C5EE-48FC-B6BD-16E2547C5659}.Debug|x86.ActiveCfg = Debug|Any CPU
		{2C327C0B-C5EE-48FC-B6BD-16E2547C5659}.Debug|x86.Build.0 = Debug|Any CPU
		{2C327C0B-C5EE-48FC-B6BD-16E2547C5659}.Release|Any CPU.ActiveCfg = Release|Any CPU
		{2C327C0B-C5EE-48FC-B6BD-16E2547C5659}.Release|Any CPU.Build.0 = Release|Any CPU
		{2C327C0B-C5EE-48FC-B6BD-16E2547C5659}.Release|ARM.ActiveCfg = Release|Any CPU
		{2C327C0B-C5EE-48FC-B6BD-16E2547C5659}.Release|ARM.Build.0 = Release|Any CPU
		{2C327C0B-C5EE-48FC-B6BD-16E2547C5659}.Release|iPhone.ActiveCfg = Release|Any CPU
		{2C327C0B-C5EE-48FC-B6BD-16E2547C5659}.Release|iPhone.Build.0 = Release|Any CPU
		{2C327C0B-C5EE-48FC-B6BD-16E2547C5659}.Release|iPhoneSimulator.ActiveCfg = Release|Any CPU
		{2C327C0B-C5EE-48FC-B6BD-16E2547C5659}.Release|iPhoneSimulator.Build.0 = Release|Any CPU
		{2C327C0B-C5EE-48FC-B6BD-16E2547C5659}.Release|x86.ActiveCfg = Release|Any CPU
		{2C327C0B-C5EE-48FC-B6BD-16E2547C5659}.Release|x86.Build.0 = Release|Any CPU
		{48DA1E46-E1C1-445D-95DC-04DE4D3044A4}.Debug|Any CPU.ActiveCfg = Debug|Any CPU
		{48DA1E46-E1C1-445D-95DC-04DE4D3044A4}.Debug|Any CPU.Build.0 = Debug|Any CPU
		{48DA1E46-E1C1-445D-95DC-04DE4D3044A4}.Debug|ARM.ActiveCfg = Debug|Any CPU
		{48DA1E46-E1C1-445D-95DC-04DE4D3044A4}.Debug|ARM.Build.0 = Debug|Any CPU
		{48DA1E46-E1C1-445D-95DC-04DE4D3044A4}.Debug|iPhone.ActiveCfg = Debug|Any CPU
		{48DA1E46-E1C1-445D-95DC-04DE4D3044A4}.Debug|iPhone.Build.0 = Debug|Any CPU
		{48DA1E46-E1C1-445D-95DC-04DE4D3044A4}.Debug|iPhoneSimulator.ActiveCfg = Debug|Any CPU
		{48DA1E46-E1C1-445D-95DC-04DE4D3044A4}.Debug|iPhoneSimulator.Build.0 = Debug|Any CPU
		{48DA1E46-E1C1-445D-95DC-04DE4D3044A4}.Debug|x86.ActiveCfg = Debug|Any CPU
		{48DA1E46-E1C1-445D-95DC-04DE4D3044A4}.Debug|x86.Build.0 = Debug|Any CPU
		{48DA1E46-E1C1-445D-95DC-04DE4D3044A4}.Release|Any CPU.ActiveCfg = Release|Any CPU
		{48DA1E46-E1C1-445D-95DC-04DE4D3044A4}.Release|Any CPU.Build.0 = Release|Any CPU
		{48DA1E46-E1C1-445D-95DC-04DE4D3044A4}.Release|ARM.ActiveCfg = Release|Any CPU
		{48DA1E46-E1C1-445D-95DC-04DE4D3044A4}.Release|ARM.Build.0 = Release|Any CPU
		{48DA1E46-E1C1-445D-95DC-04DE4D3044A4}.Release|iPhone.ActiveCfg = Release|Any CPU
		{48DA1E46-E1C1-445D-95DC-04DE4D3044A4}.Release|iPhone.Build.0 = Release|Any CPU
		{48DA1E46-E1C1-445D-95DC-04DE4D3044A4}.Release|iPhoneSimulator.ActiveCfg = Release|Any CPU
		{48DA1E46-E1C1-445D-95DC-04DE4D3044A4}.Release|iPhoneSimulator.Build.0 = Release|Any CPU
		{48DA1E46-E1C1-445D-95DC-04DE4D3044A4}.Release|x86.ActiveCfg = Release|Any CPU
		{48DA1E46-E1C1-445D-95DC-04DE4D3044A4}.Release|x86.Build.0 = Release|Any CPU
		{AD2D2DB4-E781-4CF1-9B62-3AAD264F196D}.Debug|Any CPU.ActiveCfg = Debug|Any CPU
		{AD2D2DB4-E781-4CF1-9B62-3AAD264F196D}.Debug|Any CPU.Build.0 = Debug|Any CPU
		{AD2D2DB4-E781-4CF1-9B62-3AAD264F196D}.Debug|ARM.ActiveCfg = Debug|Any CPU
		{AD2D2DB4-E781-4CF1-9B62-3AAD264F196D}.Debug|ARM.Build.0 = Debug|Any CPU
		{AD2D2DB4-E781-4CF1-9B62-3AAD264F196D}.Debug|iPhone.ActiveCfg = Debug|Any CPU
		{AD2D2DB4-E781-4CF1-9B62-3AAD264F196D}.Debug|iPhone.Build.0 = Debug|Any CPU
		{AD2D2DB4-E781-4CF1-9B62-3AAD264F196D}.Debug|iPhoneSimulator.ActiveCfg = Debug|Any CPU
		{AD2D2DB4-E781-4CF1-9B62-3AAD264F196D}.Debug|iPhoneSimulator.Build.0 = Debug|Any CPU
		{AD2D2DB4-E781-4CF1-9B62-3AAD264F196D}.Debug|x86.ActiveCfg = Debug|Any CPU
		{AD2D2DB4-E781-4CF1-9B62-3AAD264F196D}.Debug|x86.Build.0 = Debug|Any CPU
		{AD2D2DB4-E781-4CF1-9B62-3AAD264F196D}.Release|Any CPU.ActiveCfg = Release|Any CPU
		{AD2D2DB4-E781-4CF1-9B62-3AAD264F196D}.Release|Any CPU.Build.0 = Release|Any CPU
		{AD2D2DB4-E781-4CF1-9B62-3AAD264F196D}.Release|ARM.ActiveCfg = Release|Any CPU
		{AD2D2DB4-E781-4CF1-9B62-3AAD264F196D}.Release|ARM.Build.0 = Release|Any CPU
		{AD2D2DB4-E781-4CF1-9B62-3AAD264F196D}.Release|iPhone.ActiveCfg = Release|Any CPU
		{AD2D2DB4-E781-4CF1-9B62-3AAD264F196D}.Release|iPhone.Build.0 = Release|Any CPU
		{AD2D2DB4-E781-4CF1-9B62-3AAD264F196D}.Release|iPhoneSimulator.ActiveCfg = Release|Any CPU
		{AD2D2DB4-E781-4CF1-9B62-3AAD264F196D}.Release|iPhoneSimulator.Build.0 = Release|Any CPU
		{AD2D2DB4-E781-4CF1-9B62-3AAD264F196D}.Release|x86.ActiveCfg = Release|Any CPU
		{AD2D2DB4-E781-4CF1-9B62-3AAD264F196D}.Release|x86.Build.0 = Release|Any CPU
		{D525F236-6A2D-4010-B1CC-4A4B8581C90B}.Debug|Any CPU.ActiveCfg = Debug|Any CPU
		{D525F236-6A2D-4010-B1CC-4A4B8581C90B}.Debug|Any CPU.Build.0 = Debug|Any CPU
		{D525F236-6A2D-4010-B1CC-4A4B8581C90B}.Debug|ARM.ActiveCfg = Debug|Any CPU
		{D525F236-6A2D-4010-B1CC-4A4B8581C90B}.Debug|ARM.Build.0 = Debug|Any CPU
		{D525F236-6A2D-4010-B1CC-4A4B8581C90B}.Debug|iPhone.ActiveCfg = Debug|Any CPU
		{D525F236-6A2D-4010-B1CC-4A4B8581C90B}.Debug|iPhone.Build.0 = Debug|Any CPU
		{D525F236-6A2D-4010-B1CC-4A4B8581C90B}.Debug|iPhoneSimulator.ActiveCfg = Debug|Any CPU
		{D525F236-6A2D-4010-B1CC-4A4B8581C90B}.Debug|iPhoneSimulator.Build.0 = Debug|Any CPU
		{D525F236-6A2D-4010-B1CC-4A4B8581C90B}.Debug|x86.ActiveCfg = Debug|Any CPU
		{D525F236-6A2D-4010-B1CC-4A4B8581C90B}.Debug|x86.Build.0 = Debug|Any CPU
		{D525F236-6A2D-4010-B1CC-4A4B8581C90B}.Release|Any CPU.ActiveCfg = Release|Any CPU
		{D525F236-6A2D-4010-B1CC-4A4B8581C90B}.Release|Any CPU.Build.0 = Release|Any CPU
		{D525F236-6A2D-4010-B1CC-4A4B8581C90B}.Release|ARM.ActiveCfg = Release|Any CPU
		{D525F236-6A2D-4010-B1CC-4A4B8581C90B}.Release|ARM.Build.0 = Release|Any CPU
		{D525F236-6A2D-4010-B1CC-4A4B8581C90B}.Release|iPhone.ActiveCfg = Release|Any CPU
		{D525F236-6A2D-4010-B1CC-4A4B8581C90B}.Release|iPhone.Build.0 = Release|Any CPU
		{D525F236-6A2D-4010-B1CC-4A4B8581C90B}.Release|iPhoneSimulator.ActiveCfg = Release|Any CPU
		{D525F236-6A2D-4010-B1CC-4A4B8581C90B}.Release|iPhoneSimulator.Build.0 = Release|Any CPU
		{D525F236-6A2D-4010-B1CC-4A4B8581C90B}.Release|x86.ActiveCfg = Release|Any CPU
		{D525F236-6A2D-4010-B1CC-4A4B8581C90B}.Release|x86.Build.0 = Release|Any CPU
	EndGlobalSection
	GlobalSection(NestedProjects) = preSolution
		{2C327C0B-C5EE-48FC-B6BD-16E2547C5659} = {4E69D0F7-7500-4075-B601-A9B6357767D1}
		{1EF793C8-FCFE-4F2A-8AC0-37181FB9A9B9} = {4E69D0F7-7500-4075-B601-A9B6357767D1}
		{48DA1E46-E1C1-445D-95DC-04DE4D3044A4} = {4E69D0F7-7500-4075-B601-A9B6357767D1}
	EndGlobalSection
	GlobalSection(MonoDevelopProperties) = preSolution
		Policies = $0
		$0.DotNetNamingPolicy = $1
		$1.DirectoryNamespaceAssociation = None
		$1.ResourceNamePolicy = FileName
		$0.TextStylePolicy = $2
		$2.inheritsSet = null
		$2.inheritsScope = text/plain
		$2.scope = application/vnd.apple-interface-builder
		$0.CSharpFormattingPolicy = $3
		$3.IndentSwitchBody = True
		$3.IndentBlocksInsideExpressions = True
		$3.AnonymousMethodBraceStyle = NextLine
		$3.PropertyBraceStyle = NextLine
		$3.PropertyGetBraceStyle = NextLine
		$3.PropertySetBraceStyle = NextLine
		$3.EventBraceStyle = NextLine
		$3.EventAddBraceStyle = NextLine
		$3.EventRemoveBraceStyle = NextLine
		$3.StatementBraceStyle = NextLine
		$3.ElseNewLinePlacement = NewLine
		$3.CatchNewLinePlacement = NewLine
		$3.FinallyNewLinePlacement = NewLine
		$3.WhileNewLinePlacement = DoNotCare
		$3.ArrayInitializerWrapping = DoNotChange
		$3.ArrayInitializerBraceStyle = NextLine
		$3.BeforeMethodDeclarationParentheses = False
		$3.BeforeMethodCallParentheses = False
		$3.BeforeConstructorDeclarationParentheses = False
		$3.NewLineBeforeConstructorInitializerColon = NewLine
		$3.NewLineAfterConstructorInitializerColon = SameLine
		$3.BeforeDelegateDeclarationParentheses = False
		$3.NewParentheses = False
		$3.SpacesBeforeBrackets = False
		$3.inheritsSet = Mono
		$3.inheritsScope = text/x-csharp
		$3.scope = text/x-csharp
		$3.IndentSwitchSection = True
		$3.NewLinesForBracesInProperties = True
		$3.NewLinesForBracesInAnonymousMethods = True
		$3.NewLinesForBracesInControlBlocks = True
		$3.NewLinesForBracesInAnonymousTypes = True
		$3.NewLinesForBracesInObjectCollectionArrayInitializers = True
		$3.NewLinesForBracesInLambdaExpressionBody = True
		$3.NewLineForElse = True
		$3.NewLineForCatch = True
		$3.NewLineForFinally = True
		$3.NewLineForMembersInObjectInit = True
		$3.NewLineForMembersInAnonymousTypes = True
		$3.NewLineForClausesInQuery = True
		$3.SpacingAfterMethodDeclarationName = False
		$3.SpaceAfterMethodCallName = False
		$3.SpaceBeforeOpenSquareBracket = False
		$0.XmlFormattingPolicy = $4
		$4.inheritsSet = null
		$4.scope = application/vnd.apple-interface-builder
		$4.inheritsScope = application/xml
		$0.StandardHeader = $5
		$5.Text = 
		$5.IncludeInNewFiles = True
		$0.NameConventionPolicy = $6
		$6.Rules = $7
		$7.NamingRule = $8
		$8.Name = Namespaces
		$8.AffectedEntity = Namespace
		$8.VisibilityMask = VisibilityMask
		$8.NamingStyle = PascalCase
		$8.IncludeInstanceMembers = True
		$8.IncludeStaticEntities = True
		$7.NamingRule = $9
		$9.Name = Types
		$9.AffectedEntity = Class, Struct, Enum, Delegate
		$9.VisibilityMask = Public
		$9.NamingStyle = PascalCase
		$9.IncludeInstanceMembers = True
		$9.IncludeStaticEntities = True
		$7.NamingRule = $10
		$10.Name = Interfaces
		$10.RequiredPrefixes = $11
		$11.String = I
		$10.AffectedEntity = Interface
		$10.VisibilityMask = Public
		$10.NamingStyle = PascalCase
		$10.IncludeInstanceMembers = True
		$10.IncludeStaticEntities = True
		$7.NamingRule = $12
		$12.Name = Attributes
		$12.RequiredSuffixes = $13
		$13.String = Attribute
		$12.AffectedEntity = CustomAttributes
		$12.VisibilityMask = Public
		$12.NamingStyle = PascalCase
		$12.IncludeInstanceMembers = True
		$12.IncludeStaticEntities = True
		$7.NamingRule = $14
		$14.Name = Event Arguments
		$14.RequiredSuffixes = $15
		$15.String = EventArgs
		$14.AffectedEntity = CustomEventArgs
		$14.VisibilityMask = Public
		$14.NamingStyle = PascalCase
		$14.IncludeInstanceMembers = True
		$14.IncludeStaticEntities = True
		$7.NamingRule = $16
		$16.Name = Exceptions
		$16.RequiredSuffixes = $17
		$17.String = Exception
		$16.AffectedEntity = CustomExceptions
		$16.VisibilityMask = VisibilityMask
		$16.NamingStyle = PascalCase
		$16.IncludeInstanceMembers = True
		$16.IncludeStaticEntities = True
		$7.NamingRule = $18
		$18.Name = Methods
		$18.AffectedEntity = Methods
		$18.VisibilityMask = Protected, Public
		$18.NamingStyle = PascalCase
		$18.IncludeInstanceMembers = True
		$18.IncludeStaticEntities = True
		$7.NamingRule = $19
		$19.Name = Static Readonly Fields
		$19.AffectedEntity = ReadonlyField
		$19.VisibilityMask = Protected, Public
		$19.NamingStyle = PascalCase
		$19.IncludeInstanceMembers = False
		$19.IncludeStaticEntities = True
		$7.NamingRule = $20
		$20.Name = Fields
		$20.AffectedEntity = Field
		$20.VisibilityMask = Protected, Public
		$20.NamingStyle = PascalCase
		$20.IncludeInstanceMembers = True
		$20.IncludeStaticEntities = True
		$7.NamingRule = $21
		$21.Name = ReadOnly Fields
		$21.AffectedEntity = ReadonlyField
		$21.VisibilityMask = Protected, Public
		$21.NamingStyle = PascalCase
		$21.IncludeInstanceMembers = True
		$21.IncludeStaticEntities = False
		$7.NamingRule = $22
		$22.Name = Constant Fields
		$22.AffectedEntity = ConstantField
		$22.VisibilityMask = Protected, Public
		$22.NamingStyle = PascalCase
		$22.IncludeInstanceMembers = True
		$22.IncludeStaticEntities = True
		$7.NamingRule = $23
		$23.Name = Properties
		$23.AffectedEntity = Property
		$23.VisibilityMask = Protected, Public
		$23.NamingStyle = PascalCase
		$23.IncludeInstanceMembers = True
		$23.IncludeStaticEntities = True
		$7.NamingRule = $24
		$24.Name = Events
		$24.AffectedEntity = Event
		$24.VisibilityMask = Protected, Public
		$24.NamingStyle = PascalCase
		$24.IncludeInstanceMembers = True
		$24.IncludeStaticEntities = True
		$7.NamingRule = $25
		$25.Name = Enum Members
		$25.AffectedEntity = EnumMember
		$25.VisibilityMask = VisibilityMask
		$25.NamingStyle = PascalCase
		$25.IncludeInstanceMembers = True
		$25.IncludeStaticEntities = True
		$7.NamingRule = $26
		$26.Name = Parameters
		$26.AffectedEntity = Parameter
		$26.VisibilityMask = VisibilityMask
		$26.NamingStyle = CamelCase
		$26.IncludeInstanceMembers = True
		$26.IncludeStaticEntities = True
		$7.NamingRule = $27
		$27.Name = Type Parameters
		$27.RequiredPrefixes = $28
		$28.String = T
		$27.AffectedEntity = TypeParameter
		$27.VisibilityMask = VisibilityMask
		$27.NamingStyle = PascalCase
		$27.IncludeInstanceMembers = True
		$27.IncludeStaticEntities = True
	EndGlobalSection
	GlobalSection(SolutionProperties) = preSolution
		HideSolutionNode = FALSE
	EndGlobalSection
EndGlobal
