
Microsoft Visual Studio Solution File, Format Version 12.00
# Visual Studio 15
VisualStudioVersion = 15.0.27130.2010
MinimumVisualStudioVersion = 10.0.40219.1
Project("{FAE04EC0-301F-11D3-BF4B-00C04F79EFBC}") = "FormsToolkit.iOS", "FormsToolkit\FormsToolkit.iOS\FormsToolkit.iOS.csproj", "{D525F236-6A2D-4010-B1CC-4A4B8581C90B}"
EndProject
Project("{FAE04EC0-301F-11D3-BF4B-00C04F79EFBC}") = "FormsToolkit.Android", "FormsToolkit\FormsToolkit.Android\FormsToolkit.Android.csproj", "{AD2D2DB4-E781-4CF1-9B62-3AAD264F196D}"
EndProject
Project("{2150E333-8FDC-42A3-9474-1A3956D46DE8}") = "Solution Items", "Solution Items", "{4E2CE6E7-1F20-4830-80DB-D4BED73299D1}"
	ProjectSection(SolutionItems) = preProject
		appveyor.yml = appveyor.yml
		build.cake = build.cake
		build.ps1 = build.ps1
		FormsToolkit.nuspec = FormsToolkit.nuspec
		readme.txt = readme.txt
	EndProjectSection
EndProject
Project("{D954291E-2A0B-460D-934E-DC6B0785DB48}") = "FormsToolkit.Shared", "FormsToolkit\FormsToolkit.Shared\FormsToolkit.Shared.shproj", "{ECF9CD40-8AE5-41B0-B347-C126B5DED2AB}"
EndProject
Project("{2150E333-8FDC-42A3-9474-1A3956D46DE8}") = "Tests", "Tests", "{4E69D0F7-7500-4075-B601-A9B6357767D1}"
EndProject
Project("{FAE04EC0-301F-11D3-BF4B-00C04F79EFBC}") = "ToolkitTests", "ToolkitTests\ToolkitTests\ToolkitTests.csproj", "{2C327C0B-C5EE-48FC-B6BD-16E2547C5659}"
EndProject
Project("{FAE04EC0-301F-11D3-BF4B-00C04F79EFBC}") = "ToolkitTests.iOS", "ToolkitTests\iOS\ToolkitTests.iOS.csproj", "{1EF793C8-FCFE-4F2A-8AC0-37181FB9A9B9}"
EndProject
Project("{FAE04EC0-301F-11D3-BF4B-00C04F79EFBC}") = "ToolkitTests.Droid", "ToolkitTests\Droid\ToolkitTests.Droid.csproj", "{48DA1E46-E1C1-445D-95DC-04DE4D3044A4}"
EndProject
Project("{FAE04EC0-301F-11D3-BF4B-00C04F79EFBC}") = "FormsToolkit", "FormsToolkit\FormsToolkit\FormsToolkit.csproj", "{DD571874-2087-4C06-A9B3-E80DF3EAE19C}"
EndProject
Global
	GlobalSection(SharedMSBuildProjectFiles) = preSolution
		FormsToolkit\FormsToolkit.Shared\FormsToolkit.Shared.projitems*{ad2d2db4-e781-4cf1-9b62-3aad264f196d}*SharedItemsImports = 4
		FormsToolkit\FormsToolkit.Shared\FormsToolkit.Shared.projitems*{d525f236-6a2d-4010-b1cc-4a4b8581c90b}*SharedItemsImports = 4
		FormsToolkit\FormsToolkit.Shared\FormsToolkit.Shared.projitems*{ecf9cd40-8ae5-41b0-b347-c126b5ded2ab}*SharedItemsImports = 13
	EndGlobalSection
	GlobalSection(SolutionConfigurationPlatforms) = preSolution
		Debug|Any CPU = Debug|Any CPU
		Debug|ARM = Debug|ARM
		Debug|iPhone = Debug|iPhone
		Debug|iPhoneSimulator = Debug|iPhoneSimulator
		Debug|x86 = Debug|x86
		Release|Any CPU = Release|Any CPU
		Release|ARM = Release|ARM
		Release|iPhone = Release|iPhone
		Release|iPhoneSimulator = Release|iPhoneSimulator
		Release|x86 = Release|x86
	EndGlobalSection
	GlobalSection(ProjectConfigurationPlatforms) = postSolution
		{D525F236-6A2D-4010-B1CC-4A4B8581C90B}.Debug|Any CPU.ActiveCfg = Debug|Any CPU
		{D525F236-6A2D-4010-B1CC-4A4B8581C90B}.Debug|Any CPU.Build.0 = Debug|Any CPU
		{D525F236-6A2D-4010-B1CC-4A4B8581C90B}.Debug|ARM.ActiveCfg = Debug|Any CPU
		{D525F236-6A2D-4010-B1CC-4A4B8581C90B}.Debug|ARM.Build.0 = Debug|Any CPU
		{D525F236-6A2D-4010-B1CC-4A4B8581C90B}.Debug|iPhone.ActiveCfg = Debug|Any CPU
		{D525F236-6A2D-4010-B1CC-4A4B8581C90B}.Debug|iPhone.Build.0 = Debug|Any CPU
		{D525F236-6A2D-4010-B1CC-4A4B8581C90B}.Debug|iPhoneSimulator.ActiveCfg = Debug|Any CPU
		{D525F236-6A2D-4010-B1CC-4A4B8581C90B}.Debug|iPhoneSimulator.Build.0 = Debug|Any CPU
		{D525F236-6A2D-4010-B1CC-4A4B8581C90B}.Debug|x86.ActiveCfg = Debug|Any CPU
		{D525F236-6A2D-4010-B1CC-4A4B8581C90B}.Debug|x86.Build.0 = Debug|Any CPU
		{D525F236-6A2D-4010-B1CC-4A4B8581C90B}.Release|Any CPU.ActiveCfg = Release|Any CPU
		{D525F236-6A2D-4010-B1CC-4A4B8581C90B}.Release|Any CPU.Build.0 = Release|Any CPU
		{D525F236-6A2D-4010-B1CC-4A4B8581C90B}.Release|ARM.ActiveCfg = Release|Any CPU
		{D525F236-6A2D-4010-B1CC-4A4B8581C90B}.Release|ARM.Build.0 = Release|Any CPU
		{D525F236-6A2D-4010-B1CC-4A4B8581C90B}.Release|iPhone.ActiveCfg = Release|Any CPU
		{D525F236-6A2D-4010-B1CC-4A4B8581C90B}.Release|iPhone.Build.0 = Release|Any CPU
		{D525F236-6A2D-4010-B1CC-4A4B8581C90B}.Release|iPhoneSimulator.ActiveCfg = Release|Any CPU
		{D525F236-6A2D-4010-B1CC-4A4B8581C90B}.Release|iPhoneSimulator.Build.0 = Release|Any CPU
		{D525F236-6A2D-4010-B1CC-4A4B8581C90B}.Release|x86.ActiveCfg = Release|Any CPU
		{D525F236-6A2D-4010-B1CC-4A4B8581C90B}.Release|x86.Build.0 = Release|Any CPU
		{AD2D2DB4-E781-4CF1-9B62-3AAD264F196D}.Debug|Any CPU.ActiveCfg = Debug|Any CPU
		{AD2D2DB4-E781-4CF1-9B62-3AAD264F196D}.Debug|Any CPU.Build.0 = Debug|Any CPU
		{AD2D2DB4-E781-4CF1-9B62-3AAD264F196D}.Debug|ARM.ActiveCfg = Debug|Any CPU
		{AD2D2DB4-E781-4CF1-9B62-3AAD264F196D}.Debug|ARM.Build.0 = Debug|Any CPU
		{AD2D2DB4-E781-4CF1-9B62-3AAD264F196D}.Debug|iPhone.ActiveCfg = Debug|Any CPU
		{AD2D2DB4-E781-4CF1-9B62-3AAD264F196D}.Debug|iPhone.Build.0 = Debug|Any CPU
		{AD2D2DB4-E781-4CF1-9B62-3AAD264F196D}.Debug|iPhoneSimulator.ActiveCfg = Debug|Any CPU
		{AD2D2DB4-E781-4CF1-9B62-3AAD264F196D}.Debug|iPhoneSimulator.Build.0 = Debug|Any CPU
		{AD2D2DB4-E781-4CF1-9B62-3AAD264F196D}.Debug|x86.ActiveCfg = Debug|Any CPU
		{AD2D2DB4-E781-4CF1-9B62-3AAD264F196D}.Debug|x86.Build.0 = Debug|Any CPU
		{AD2D2DB4-E781-4CF1-9B62-3AAD264F196D}.Release|Any CPU.ActiveCfg = Release|Any CPU
		{AD2D2DB4-E781-4CF1-9B62-3AAD264F196D}.Release|Any CPU.Build.0 = Release|Any CPU
		{AD2D2DB4-E781-4CF1-9B62-3AAD264F196D}.Release|ARM.ActiveCfg = Release|Any CPU
		{AD2D2DB4-E781-4CF1-9B62-3AAD264F196D}.Release|ARM.Build.0 = Release|Any CPU
		{AD2D2DB4-E781-4CF1-9B62-3AAD264F196D}.Release|iPhone.ActiveCfg = Release|Any CPU
		{AD2D2DB4-E781-4CF1-9B62-3AAD264F196D}.Release|iPhone.Build.0 = Release|Any CPU
		{AD2D2DB4-E781-4CF1-9B62-3AAD264F196D}.Release|iPhoneSimulator.ActiveCfg = Release|Any CPU
		{AD2D2DB4-E781-4CF1-9B62-3AAD264F196D}.Release|iPhoneSimulator.Build.0 = Release|Any CPU
		{AD2D2DB4-E781-4CF1-9B62-3AAD264F196D}.Release|x86.ActiveCfg = Release|Any CPU
		{AD2D2DB4-E781-4CF1-9B62-3AAD264F196D}.Release|x86.Build.0 = Release|Any CPU
		{2C327C0B-C5EE-48FC-B6BD-16E2547C5659}.Debug|Any CPU.ActiveCfg = Debug|Any CPU
		{2C327C0B-C5EE-48FC-B6BD-16E2547C5659}.Debug|Any CPU.Build.0 = Debug|Any CPU
		{2C327C0B-C5EE-48FC-B6BD-16E2547C5659}.Debug|ARM.ActiveCfg = Debug|Any CPU
		{2C327C0B-C5EE-48FC-B6BD-16E2547C5659}.Debug|ARM.Build.0 = Debug|Any CPU
		{2C327C0B-C5EE-48FC-B6BD-16E2547C5659}.Debug|iPhone.ActiveCfg = Debug|Any CPU
		{2C327C0B-C5EE-48FC-B6BD-16E2547C5659}.Debug|iPhone.Build.0 = Debug|Any CPU
		{2C327C0B-C5EE-48FC-B6BD-16E2547C5659}.Debug|iPhoneSimulator.ActiveCfg = Debug|Any CPU
		{2C327C0B-C5EE-48FC-B6BD-16E2547C5659}.Debug|iPhoneSimulator.Build.0 = Debug|Any CPU
		{2C327C0B-C5EE-48FC-B6BD-16E2547C5659}.Debug|x86.ActiveCfg = Debug|Any CPU
		{2C327C0B-C5EE-48FC-B6BD-16E2547C5659}.Debug|x86.Build.0 = Debug|Any CPU
		{2C327C0B-C5EE-48FC-B6BD-16E2547C5659}.Release|Any CPU.ActiveCfg = Release|Any CPU
		{2C327C0B-C5EE-48FC-B6BD-16E2547C5659}.Release|Any CPU.Build.0 = Release|Any CPU
		{2C327C0B-C5EE-48FC-B6BD-16E2547C5659}.Release|ARM.ActiveCfg = Release|Any CPU
		{2C327C0B-C5EE-48FC-B6BD-16E2547C5659}.Release|ARM.Build.0 = Release|Any CPU
		{2C327C0B-C5EE-48FC-B6BD-16E2547C5659}.Release|iPhone.ActiveCfg = Release|Any CPU
		{2C327C0B-C5EE-48FC-B6BD-16E2547C5659}.Release|iPhone.Build.0 = Release|Any CPU
		{2C327C0B-C5EE-48FC-B6BD-16E2547C5659}.Release|iPhoneSimulator.ActiveCfg = Release|Any CPU
		{2C327C0B-C5EE-48FC-B6BD-16E2547C5659}.Release|iPhoneSimulator.Build.0 = Release|Any CPU
		{2C327C0B-C5EE-48FC-B6BD-16E2547C5659}.Release|x86.ActiveCfg = Release|Any CPU
		{2C327C0B-C5EE-48FC-B6BD-16E2547C5659}.Release|x86.Build.0 = Release|Any CPU
		{1EF793C8-FCFE-4F2A-8AC0-37181FB9A9B9}.Debug|Any CPU.ActiveCfg = Debug|iPhoneSimulator
		{1EF793C8-FCFE-4F2A-8AC0-37181FB9A9B9}.Debug|Any CPU.Build.0 = Debug|iPhoneSimulator
		{1EF793C8-FCFE-4F2A-8AC0-37181FB9A9B9}.Debug|ARM.ActiveCfg = Debug|iPhoneSimulator
		{1EF793C8-FCFE-4F2A-8AC0-37181FB9A9B9}.Debug|ARM.Build.0 = Debug|iPhoneSimulator
		{1EF793C8-FCFE-4F2A-8AC0-37181FB9A9B9}.Debug|iPhone.ActiveCfg = Debug|iPhone
		{1EF793C8-FCFE-4F2A-8AC0-37181FB9A9B9}.Debug|iPhone.Build.0 = Debug|iPhone
		{1EF793C8-FCFE-4F2A-8AC0-37181FB9A9B9}.Debug|iPhoneSimulator.ActiveCfg = Debug|iPhoneSimulator
		{1EF793C8-FCFE-4F2A-8AC0-37181FB9A9B9}.Debug|iPhoneSimulator.Build.0 = Debug|iPhoneSimulator
		{1EF793C8-FCFE-4F2A-8AC0-37181FB9A9B9}.Debug|x86.ActiveCfg = Debug|iPhoneSimulator
		{1EF793C8-FCFE-4F2A-8AC0-37181FB9A9B9}.Debug|x86.Build.0 = Debug|iPhoneSimulator
		{1EF793C8-FCFE-4F2A-8AC0-37181FB9A9B9}.Release|Any CPU.ActiveCfg = Release|iPhone
		{1EF793C8-FCFE-4F2A-8AC0-37181FB9A9B9}.Release|Any CPU.Build.0 = Release|iPhone
		{1EF793C8-FCFE-4F2A-8AC0-37181FB9A9B9}.Release|ARM.ActiveCfg = Release|iPhone
		{1EF793C8-FCFE-4F2A-8AC0-37181FB9A9B9}.Release|ARM.Build.0 = Release|iPhone
		{1EF793C8-FCFE-4F2A-8AC0-37181FB9A9B9}.Release|iPhone.ActiveCfg = Release|iPhone
		{1EF793C8-FCFE-4F2A-8AC0-37181FB9A9B9}.Release|iPhone.Build.0 = Release|iPhone
		{1EF793C8-FCFE-4F2A-8AC0-37181FB9A9B9}.Release|iPhoneSimulator.ActiveCfg = Release|iPhoneSimulator
		{1EF793C8-FCFE-4F2A-8AC0-37181FB9A9B9}.Release|iPhoneSimulator.Build.0 = Release|iPhoneSimulator
		{1EF793C8-FCFE-4F2A-8AC0-37181FB9A9B9}.Release|x86.ActiveCfg = Release|iPhone
		{1EF793C8-FCFE-4F2A-8AC0-37181FB9A9B9}.Release|x86.Build.0 = Release|iPhone
		{48DA1E46-E1C1-445D-95DC-04DE4D3044A4}.Debug|Any CPU.ActiveCfg = Debug|Any CPU
		{48DA1E46-E1C1-445D-95DC-04DE4D3044A4}.Debug|Any CPU.Build.0 = Debug|Any CPU
		{48DA1E46-E1C1-445D-95DC-04DE4D3044A4}.Debug|Any CPU.Deploy.0 = Debug|Any CPU
		{48DA1E46-E1C1-445D-95DC-04DE4D3044A4}.Debug|ARM.ActiveCfg = Debug|Any CPU
		{48DA1E46-E1C1-445D-95DC-04DE4D3044A4}.Debug|ARM.Build.0 = Debug|Any CPU
		{48DA1E46-E1C1-445D-95DC-04DE4D3044A4}.Debug|iPhone.ActiveCfg = Debug|Any CPU
		{48DA1E46-E1C1-445D-95DC-04DE4D3044A4}.Debug|iPhone.Build.0 = Debug|Any CPU
		{48DA1E46-E1C1-445D-95DC-04DE4D3044A4}.Debug|iPhoneSimulator.ActiveCfg = Debug|Any CPU
		{48DA1E46-E1C1-445D-95DC-04DE4D3044A4}.Debug|iPhoneSimulator.Build.0 = Debug|Any CPU
		{48DA1E46-E1C1-445D-95DC-04DE4D3044A4}.Debug|x86.ActiveCfg = Debug|Any CPU
		{48DA1E46-E1C1-445D-95DC-04DE4D3044A4}.Debug|x86.Build.0 = Debug|Any CPU
		{48DA1E46-E1C1-445D-95DC-04DE4D3044A4}.Release|Any CPU.ActiveCfg = Release|Any CPU
		{48DA1E46-E1C1-445D-95DC-04DE4D3044A4}.Release|Any CPU.Build.0 = Release|Any CPU
		{48DA1E46-E1C1-445D-95DC-04DE4D3044A4}.Release|ARM.ActiveCfg = Release|Any CPU
		{48DA1E46-E1C1-445D-95DC-04DE4D3044A4}.Release|ARM.Build.0 = Release|Any CPU
		{48DA1E46-E1C1-445D-95DC-04DE4D3044A4}.Release|iPhone.ActiveCfg = Release|Any CPU
		{48DA1E46-E1C1-445D-95DC-04DE4D3044A4}.Release|iPhone.Build.0 = Release|Any CPU
		{48DA1E46-E1C1-445D-95DC-04DE4D3044A4}.Release|iPhoneSimulator.ActiveCfg = Release|Any CPU
		{48DA1E46-E1C1-445D-95DC-04DE4D3044A4}.Release|iPhoneSimulator.Build.0 = Release|Any CPU
		{48DA1E46-E1C1-445D-95DC-04DE4D3044A4}.Release|x86.ActiveCfg = Release|Any CPU
		{48DA1E46-E1C1-445D-95DC-04DE4D3044A4}.Release|x86.Build.0 = Release|Any CPU
		{DD571874-2087-4C06-A9B3-E80DF3EAE19C}.Debug|Any CPU.ActiveCfg = Debug|Any CPU
		{DD571874-2087-4C06-A9B3-E80DF3EAE19C}.Debug|Any CPU.Build.0 = Debug|Any CPU
		{DD571874-2087-4C06-A9B3-E80DF3EAE19C}.Debug|ARM.ActiveCfg = Debug|Any CPU
		{DD571874-2087-4C06-A9B3-E80DF3EAE19C}.Debug|ARM.Build.0 = Debug|Any CPU
		{DD571874-2087-4C06-A9B3-E80DF3EAE19C}.Debug|iPhone.ActiveCfg = Debug|Any CPU
		{DD571874-2087-4C06-A9B3-E80DF3EAE19C}.Debug|iPhone.Build.0 = Debug|Any CPU
		{DD571874-2087-4C06-A9B3-E80DF3EAE19C}.Debug|iPhoneSimulator.ActiveCfg = Debug|Any CPU
		{DD571874-2087-4C06-A9B3-E80DF3EAE19C}.Debug|iPhoneSimulator.Build.0 = Debug|Any CPU
		{DD571874-2087-4C06-A9B3-E80DF3EAE19C}.Debug|x86.ActiveCfg = Debug|Any CPU
		{DD571874-2087-4C06-A9B3-E80DF3EAE19C}.Debug|x86.Build.0 = Debug|Any CPU
		{DD571874-2087-4C06-A9B3-E80DF3EAE19C}.Release|Any CPU.ActiveCfg = Release|Any CPU
		{DD571874-2087-4C06-A9B3-E80DF3EAE19C}.Release|Any CPU.Build.0 = Release|Any CPU
		{DD571874-2087-4C06-A9B3-E80DF3EAE19C}.Release|ARM.ActiveCfg = Release|Any CPU
		{DD571874-2087-4C06-A9B3-E80DF3EAE19C}.Release|ARM.Build.0 = Release|Any CPU
		{DD571874-2087-4C06-A9B3-E80DF3EAE19C}.Release|iPhone.ActiveCfg = Release|Any CPU
		{DD571874-2087-4C06-A9B3-E80DF3EAE19C}.Release|iPhone.Build.0 = Release|Any CPU
		{DD571874-2087-4C06-A9B3-E80DF3EAE19C}.Release|iPhoneSimulator.ActiveCfg = Release|Any CPU
		{DD571874-2087-4C06-A9B3-E80DF3EAE19C}.Release|iPhoneSimulator.Build.0 = Release|Any CPU
		{DD571874-2087-4C06-A9B3-E80DF3EAE19C}.Release|x86.ActiveCfg = Release|Any CPU
		{DD571874-2087-4C06-A9B3-E80DF3EAE19C}.Release|x86.Build.0 = Release|Any CPU
	EndGlobalSection
	GlobalSection(SolutionProperties) = preSolution
		HideSolutionNode = FALSE
	EndGlobalSection
	GlobalSection(NestedProjects) = preSolution
		{2C327C0B-C5EE-48FC-B6BD-16E2547C5659} = {4E69D0F7-7500-4075-B601-A9B6357767D1}
		{1EF793C8-FCFE-4F2A-8AC0-37181FB9A9B9} = {4E69D0F7-7500-4075-B601-A9B6357767D1}
		{48DA1E46-E1C1-445D-95DC-04DE4D3044A4} = {4E69D0F7-7500-4075-B601-A9B6357767D1}
	EndGlobalSection
	GlobalSection(ExtensibilityGlobals) = postSolution
		SolutionGuid = {0E354B91-A58E-4217-A25F-3AC42E57F461}
	EndGlobalSection
	GlobalSection(MonoDevelopProperties) = preSolution
		Policies = $0
		$0.DotNetNamingPolicy = $1
		$1.ResourceNamePolicy = FileName
		$0.TextStylePolicy = $2
		$2.inheritsSet = null
		$2.inheritsScope = text/plain
		$2.scope = application/vnd.apple-interface-builder
		$0.CSharpFormattingPolicy = $3
		$3.IndentSwitchBody = True
		$3.IndentBlocksInsideExpressions = True
		$3.AnonymousMethodBraceStyle = NextLine
		$3.PropertyBraceStyle = NextLine
		$3.PropertyGetBraceStyle = NextLine
		$3.PropertySetBraceStyle = NextLine
		$3.EventBraceStyle = NextLine
		$3.EventAddBraceStyle = NextLine
		$3.EventRemoveBraceStyle = NextLine
		$3.StatementBraceStyle = NextLine
		$3.ElseNewLinePlacement = NewLine
		$3.CatchNewLinePlacement = NewLine
		$3.FinallyNewLinePlacement = NewLine
		$3.WhileNewLinePlacement = DoNotCare
		$3.ArrayInitializerWrapping = DoNotChange
		$3.ArrayInitializerBraceStyle = NextLine
		$3.BeforeMethodDeclarationParentheses = False
		$3.BeforeMethodCallParentheses = False
		$3.BeforeConstructorDeclarationParentheses = False
		$3.NewLineBeforeConstructorInitializerColon = NewLine
		$3.NewLineAfterConstructorInitializerColon = SameLine
		$3.BeforeDelegateDeclarationParentheses = False
		$3.NewParentheses = False
		$3.SpacesBeforeBrackets = False
		$3.scope = text/x-csharp
		$3.NewLinesForBracesInAccessors = False
		$0.XmlFormattingPolicy = $4
		$4.inheritsSet = null
		$4.scope = application/vnd.apple-interface-builder
		$4.inheritsScope = application/xml
		$0.StandardHeader = $5
		$0.NameConventionPolicy = $6
		$6.Rules = $7
		$7.NamingRule = $27
	EndGlobalSection
EndGlobal
